Microsoft Visual Studio Solution File, Format Version 10.00
# Visual C# Express 2008
Project("{FAE04EC0-301F-11D3-BF4B-00C04F79EFBC}") = "ltrModulesNet", "ltrModulesNet.csproj", "{E619DAC5-4B4F-4497-82C9-4888E2D26A5B}"
EndProject
Project("{FAE04EC0-301F-11D3-BF4B-00C04F79EFBC}") = "ltr24_console", "examples\ltr24_console\ltr24_console.csproj", "{2364DE3E-A4AD-4151-9A67-B27559357B29}"
	ProjectSection(ProjectDependencies) = postProject
		{E619DAC5-4B4F-4497-82C9-4888E2D26A5B} = {E619DAC5-4B4F-4497-82C9-4888E2D26A5B}
	EndProjectSection
EndProject
Project("{FAE04EC0-301F-11D3-BF4B-00C04F79EFBC}") = "ltr210_console", "examples\ltr210_console\ltr210_console.csproj", "{B1AAEAD7-253E-42B1-BCC9-07E0F493106F}"
	ProjectSection(ProjectDependencies) = postProject
		{E619DAC5-4B4F-4497-82C9-4888E2D26A5B} = {E619DAC5-4B4F-4497-82C9-4888E2D26A5B}
	EndProjectSection
EndProject
Project("{FAE04EC0-301F-11D3-BF4B-00C04F79EFBC}") = "ltr27_open_ex", "examples\ltr27_open_ex\ltr27_open_ex.csproj", "{A3851F28-A932-40D8-9F4D-8A2374E11BB5}"
	ProjectSection(ProjectDependencies) = postProject
		{E619DAC5-4B4F-4497-82C9-4888E2D26A5B} = {E619DAC5-4B4F-4497-82C9-4888E2D26A5B}
	EndProjectSection
EndProject
Project("{FAE04EC0-301F-11D3-BF4B-00C04F79EFBC}") = "ltr25_console", "examples\ltr25_console\ltr25_console.csproj", "{027A9A1B-297B-4FD0-BA30-4F570A8A524B}"
	ProjectSection(ProjectDependencies) = postProject
		{E619DAC5-4B4F-4497-82C9-4888E2D26A5B} = {E619DAC5-4B4F-4497-82C9-4888E2D26A5B}
	EndProjectSection
EndProject
Project("{FAE04EC0-301F-11D3-BF4B-00C04F79EFBC}") = "ltr11_console", "examples\ltr11_console\ltr11_console.csproj", "{32A05C43-D1BF-4EB0-AEE9-9C3E1D006F49}"
	ProjectSection(ProjectDependencies) = postProject
		{E619DAC5-4B4F-4497-82C9-4888E2D26A5B} = {E619DAC5-4B4F-4497-82C9-4888E2D26A5B}
	EndProjectSection
EndProject
Project("{FAE04EC0-301F-11D3-BF4B-00C04F79EFBC}") = "ltr212_console", "examples\ltr212_console\ltr212_console.csproj", "{4CB32082-CC50-4297-B8F3-2B3522938705}"
	ProjectSection(ProjectDependencies) = postProject
		{E619DAC5-4B4F-4497-82C9-4888E2D26A5B} = {E619DAC5-4B4F-4497-82C9-4888E2D26A5B}
	EndProjectSection
EndProject
Project("{FAE04EC0-301F-11D3-BF4B-00C04F79EFBC}") = "ltr11_ext_start", "examples\ltr11_ext_start\ltr11_ext_start.csproj", "{72F4665D-91A1-4D5F-9975-9E7CCAEDE476}"
EndProject
Project("{FAE04EC0-301F-11D3-BF4B-00C04F79EFBC}") = "ltr11_mark_start", "examples\ltr11_mark_start\ltr11_mark_start.csproj", "{7189DB23-B5AE-4BE3-A0F7-FBDDB53659BA}"
EndProject
Project("{FAE04EC0-301F-11D3-BF4B-00C04F79EFBC}") = "ltrapi_cratelist", "examples\ltrapi_cratelist\ltrapi_cratelist.csproj", "{B33AA011-4655-47B8-A92B-BAAB4CE566B9}"
EndProject
Global
	GlobalSection(SolutionConfigurationPlatforms) = preSolution
		Debug|Any CPU = Debug|Any CPU
		Release|Any CPU = Release|Any CPU
	EndGlobalSection
	GlobalSection(ProjectConfigurationPlatforms) = postSolution
		{E619DAC5-4B4F-4497-82C9-4888E2D26A5B}.Debug|Any CPU.ActiveCfg = Debug|Any CPU
		{E619DAC5-4B4F-4497-82C9-4888E2D26A5B}.Debug|Any CPU.Build.0 = Debug|Any CPU
		{E619DAC5-4B4F-4497-82C9-4888E2D26A5B}.Release|Any CPU.ActiveCfg = Release|Any CPU
		{E619DAC5-4B4F-4497-82C9-4888E2D26A5B}.Release|Any CPU.Build.0 = Release|Any CPU
		{2364DE3E-A4AD-4151-9A67-B27559357B29}.Debug|Any CPU.ActiveCfg = Debug|Any CPU
		{2364DE3E-A4AD-4151-9A67-B27559357B29}.Debug|Any CPU.Build.0 = Debug|Any CPU
		{2364DE3E-A4AD-4151-9A67-B27559357B29}.Release|Any CPU.ActiveCfg = Release|Any CPU
		{2364DE3E-A4AD-4151-9A67-B27559357B29}.Release|Any CPU.Build.0 = Release|Any CPU
		{B1AAEAD7-253E-42B1-BCC9-07E0F493106F}.Debug|Any CPU.ActiveCfg = Debug|Any CPU
		{B1AAEAD7-253E-42B1-BCC9-07E0F493106F}.Debug|Any CPU.Build.0 = Debug|Any CPU
		{B1AAEAD7-253E-42B1-BCC9-07E0F493106F}.Release|Any CPU.ActiveCfg = Release|Any CPU
		{B1AAEAD7-253E-42B1-BCC9-07E0F493106F}.Release|Any CPU.Build.0 = Release|Any CPU
		{A3851F28-A932-40D8-9F4D-8A2374E11BB5}.Debug|Any CPU.ActiveCfg = Debug|Any CPU
		{A3851F28-A932-40D8-9F4D-8A2374E11BB5}.Debug|Any CPU.Build.0 = Debug|Any CPU
		{A3851F28-A932-40D8-9F4D-8A2374E11BB5}.Release|Any CPU.ActiveCfg = Release|Any CPU
		{A3851F28-A932-40D8-9F4D-8A2374E11BB5}.Release|Any CPU.Build.0 = Release|Any CPU
		{027A9A1B-297B-4FD0-BA30-4F570A8A524B}.Debug|Any CPU.ActiveCfg = Debug|Any CPU
		{027A9A1B-297B-4FD0-BA30-4F570A8A524B}.Debug|Any CPU.Build.0 = Debug|Any CPU
		{027A9A1B-297B-4FD0-BA30-4F570A8A524B}.Release|Any CPU.ActiveCfg = Release|Any CPU
		{027A9A1B-297B-4FD0-BA30-4F570A8A524B}.Release|Any CPU.Build.0 = Release|Any CPU
		{32A05C43-D1BF-4EB0-AEE9-9C3E1D006F49}.Debug|Any CPU.ActiveCfg = Debug|Any CPU
		{32A05C43-D1BF-4EB0-AEE9-9C3E1D006F49}.Debug|Any CPU.Build.0 = Debug|Any CPU
		{32A05C43-D1BF-4EB0-AEE9-9C3E1D006F49}.Release|Any CPU.ActiveCfg = Release|Any CPU
		{32A05C43-D1BF-4EB0-AEE9-9C3E1D006F49}.Release|Any CPU.Build.0 = Release|Any CPU
		{4CB32082-CC50-4297-B8F3-2B3522938705}.Debug|Any CPU.ActiveCfg = Debug|Any CPU
		{4CB32082-CC50-4297-B8F3-2B3522938705}.Debug|Any CPU.Build.0 = Debug|Any CPU
		{4CB32082-CC50-4297-B8F3-2B3522938705}.Release|Any CPU.ActiveCfg = Release|Any CPU
		{4CB32082-CC50-4297-B8F3-2B3522938705}.Release|Any CPU.Build.0 = Release|Any CPU
		{72F4665D-91A1-4D5F-9975-9E7CCAEDE476}.Debug|Any CPU.ActiveCfg = Debug|Any CPU
		{72F4665D-91A1-4D5F-9975-9E7CCAEDE476}.Debug|Any CPU.Build.0 = Debug|Any CPU
		{72F4665D-91A1-4D5F-9975-9E7CCAEDE476}.Release|Any CPU.ActiveCfg = Release|Any CPU
		{72F4665D-91A1-4D5F-9975-9E7CCAEDE476}.Release|Any CPU.Build.0 = Release|Any CPU
		{7189DB23-B5AE-4BE3-A0F7-FBDDB53659BA}.Debug|Any CPU.ActiveCfg = Debug|Any CPU
		{7189DB23-B5AE-4BE3-A0F7-FBDDB53659BA}.Debug|Any CPU.Build.0 = Debug|Any CPU
		{7189DB23-B5AE-4BE3-A0F7-FBDDB53659BA}.Release|Any CPU.ActiveCfg = Release|Any CPU
		{7189DB23-B5AE-4BE3-A0F7-FBDDB53659BA}.Release|Any CPU.Build.0 = Release|Any CPU
		{B33AA011-4655-47B8-A92B-BAAB4CE566B9}.Debug|Any CPU.ActiveCfg = Debug|Any CPU
		{B33AA011-4655-47B8-A92B-BAAB4CE566B9}.Debug|Any CPU.Build.0 = Debug|Any CPU
		{B33AA011-4655-47B8-A92B-BAAB4CE566B9}.Release|Any CPU.ActiveCfg = Release|Any CPU
		{B33AA011-4655-47B8-A92B-BAAB4CE566B9}.Release|Any CPU.Build.0 = Release|Any CPU
	EndGlobalSection
	GlobalSection(SolutionProperties) = preSolution
		HideSolutionNode = FALSE
	EndGlobalSection
EndGlobal
